
Microsoft Visual Studio Solution File, Format Version 12.00
# Visual Studio Version 17
VisualStudioVersion = 17.3.32901.215
MinimumVisualStudioVersion = 10.0.40219.1
Project("{9A19103F-16F7-4668-BE54-9A1E7A4F7556}") = "FitnessApp440", "FitnessApp440\FitnessApp440.csproj", "{C6017204-0684-418D-B22B-714A03FF96EE}"
EndProject
Global
	GlobalSection(SolutionConfigurationPlatforms) = preSolution
		Debug|Any CPU = Debug|Any CPU
		Release|Any CPU = Release|Any CPU
	EndGlobalSection
	GlobalSection(ProjectConfigurationPlatforms) = postSolution
		{C6017204-0684-418D-B22B-714A03FF96EE}.Debug|Any CPU.ActiveCfg = Debug|Any CPU
		{C6017204-0684-418D-B22B-714A03FF96EE}.Debug|Any CPU.Build.0 = Debug|Any CPU
		{C6017204-0684-418D-B22B-714A03FF96EE}.Release|Any CPU.ActiveCfg = Release|Any CPU
		{C6017204-0684-418D-B22B-714A03FF96EE}.Release|Any CPU.Build.0 = Release|Any CPU
	EndGlobalSection
	GlobalSection(SolutionProperties) = preSolution
		HideSolutionNode = FALSE
	EndGlobalSection
	GlobalSection(ExtensibilityGlobals) = postSolution
		SolutionGuid = {8C5EACFB-8140-4DC9-9154-1F8D5047DD63}
	EndGlobalSection
EndGlobal
